
Microsoft Visual Studio Solution File, Format Version 12.00
# Visual Studio 15
Project("{FAE04EC0-301F-11D3-BF4B-00C04F79EFBC}") = "Assembly-CSharp", "Assembly-CSharp.csproj", "{DE533F8E-3407-FF0C-2FD6-BA4A6BC721DA}"
EndProject
Global
	GlobalSection(SolutionConfigurationPlatforms) = preSolution
		Debug|Any CPU = Debug|Any CPU
		Release|Any CPU = Release|Any CPU
	EndGlobalSection
	GlobalSection(ProjectConfigurationPlatforms) = postSolution
		{DE533F8E-3407-FF0C-2FD6-BA4A6BC721DA}.Debug|Any CPU.ActiveCfg = Debug|Any CPU
		{DE533F8E-3407-FF0C-2FD6-BA4A6BC721DA}.Debug|Any CPU.Build.0 = Debug|Any CPU
		{DE533F8E-3407-FF0C-2FD6-BA4A6BC721DA}.Release|Any CPU.ActiveCfg = Release|Any CPU
		{DE533F8E-3407-FF0C-2FD6-BA4A6BC721DA}.Release|Any CPU.Build.0 = Release|Any CPU
	EndGlobalSection
	GlobalSection(SolutionProperties) = preSolution
		HideSolutionNode = FALSE
	EndGlobalSection
EndGlobal
